
Microsoft Visual Studio Solution File, Format Version 12.00
# Visual Studio Version 17
VisualStudioVersion = 17.10.35013.160
MinimumVisualStudioVersion = 10.0.40219.1
Project("{9A19103F-16F7-4668-BE54-9A1E7A4F7556}") = "ExcelTools.Core", "ExcelTools.Core\ExcelTools.Core.csproj", "{222690FC-2D7E-42BB-B40C-D5D7277A8755}"
EndProject
Project("{9A19103F-16F7-4668-BE54-9A1E7A4F7556}") = "ExcelTools.Wpf", "ExcelTools.Wpf\ExcelTools.Wpf.csproj", "{76438653-2E6A-4E24-9CAB-890B298AA425}"
EndProject
Project("{FAE04EC0-301F-11D3-BF4B-00C04F79EFBC}") = "PSExcel", "PSExcel\PSExcel.csproj", "{5CC5328A-E253-40BC-8FBA-4CFD3C37013A}"
EndProject
Project("{2150E333-8FDC-42A3-9474-1A3956D46DE8}") = "Framework", "Framework", "{6BC33035-2CB4-475C-90B8-A7FB81128FDC}"
EndProject
Project("{FAE04EC0-301F-11D3-BF4B-00C04F79EFBC}") = "ExcelToolsFramework.Core", "ExcelToolsFramework.Core\ExcelToolsFramework.Core.csproj", "{393215C8-4881-4A74-B2B3-75E509E2D0EC}"
EndProject
Project("{2150E333-8FDC-42A3-9474-1A3956D46DE8}") = ".Net", ".Net", "{F6FB8188-D152-44B8-8845-4DDA668E713C}"
EndProject
Global
	GlobalSection(SolutionConfigurationPlatforms) = preSolution
		Debug|Any CPU = Debug|Any CPU
		Release|Any CPU = Release|Any CPU
	EndGlobalSection
	GlobalSection(ProjectConfigurationPlatforms) = postSolution
		{222690FC-2D7E-42BB-B40C-D5D7277A8755}.Debug|Any CPU.ActiveCfg = Debug|Any CPU
		{222690FC-2D7E-42BB-B40C-D5D7277A8755}.Debug|Any CPU.Build.0 = Debug|Any CPU
		{222690FC-2D7E-42BB-B40C-D5D7277A8755}.Release|Any CPU.ActiveCfg = Release|Any CPU
		{222690FC-2D7E-42BB-B40C-D5D7277A8755}.Release|Any CPU.Build.0 = Release|Any CPU
		{76438653-2E6A-4E24-9CAB-890B298AA425}.Debug|Any CPU.ActiveCfg = Debug|Any CPU
		{76438653-2E6A-4E24-9CAB-890B298AA425}.Debug|Any CPU.Build.0 = Debug|Any CPU
		{76438653-2E6A-4E24-9CAB-890B298AA425}.Release|Any CPU.ActiveCfg = Release|Any CPU
		{76438653-2E6A-4E24-9CAB-890B298AA425}.Release|Any CPU.Build.0 = Release|Any CPU
		{5CC5328A-E253-40BC-8FBA-4CFD3C37013A}.Debug|Any CPU.ActiveCfg = Debug|Any CPU
		{5CC5328A-E253-40BC-8FBA-4CFD3C37013A}.Debug|Any CPU.Build.0 = Debug|Any CPU
		{5CC5328A-E253-40BC-8FBA-4CFD3C37013A}.Release|Any CPU.ActiveCfg = Release|Any CPU
		{5CC5328A-E253-40BC-8FBA-4CFD3C37013A}.Release|Any CPU.Build.0 = Release|Any CPU
		{393215C8-4881-4A74-B2B3-75E509E2D0EC}.Debug|Any CPU.ActiveCfg = Debug|Any CPU
		{393215C8-4881-4A74-B2B3-75E509E2D0EC}.Debug|Any CPU.Build.0 = Debug|Any CPU
		{393215C8-4881-4A74-B2B3-75E509E2D0EC}.Release|Any CPU.ActiveCfg = Release|Any CPU
		{393215C8-4881-4A74-B2B3-75E509E2D0EC}.Release|Any CPU.Build.0 = Release|Any CPU
	EndGlobalSection
	GlobalSection(SolutionProperties) = preSolution
		HideSolutionNode = FALSE
	EndGlobalSection
	GlobalSection(NestedProjects) = preSolution
		{222690FC-2D7E-42BB-B40C-D5D7277A8755} = {F6FB8188-D152-44B8-8845-4DDA668E713C}
		{76438653-2E6A-4E24-9CAB-890B298AA425} = {F6FB8188-D152-44B8-8845-4DDA668E713C}
		{5CC5328A-E253-40BC-8FBA-4CFD3C37013A} = {6BC33035-2CB4-475C-90B8-A7FB81128FDC}
		{393215C8-4881-4A74-B2B3-75E509E2D0EC} = {6BC33035-2CB4-475C-90B8-A7FB81128FDC}
	EndGlobalSection
	GlobalSection(ExtensibilityGlobals) = postSolution
		SolutionGuid = {C0E44428-A479-439B-9A4F-72B67AC35CF2}
	EndGlobalSection
EndGlobal
